
Microsoft Visual Studio Solution File, Format Version 12.00
# Visual Studio Version 17
VisualStudioVersion = 17.10.35013.160
MinimumVisualStudioVersion = 10.0.40219.1
Project("{FAE04EC0-301F-11D3-BF4B-00C04F79EFBC}") = "my-first-git-project", "my-first-git-project\my-first-git-project.csproj", "{F0763C14-8649-4B94-92BD-3462B2884CCB}"
EndProject
Global
	GlobalSection(SolutionConfigurationPlatforms) = preSolution
		Debug|Any CPU = Debug|Any CPU
		Release|Any CPU = Release|Any CPU
	EndGlobalSection
	GlobalSection(ProjectConfigurationPlatforms) = postSolution
		{F0763C14-8649-4B94-92BD-3462B2884CCB}.Debug|Any CPU.ActiveCfg = Debug|Any CPU
		{F0763C14-8649-4B94-92BD-3462B2884CCB}.Debug|Any CPU.Build.0 = Debug|Any CPU
		{F0763C14-8649-4B94-92BD-3462B2884CCB}.Release|Any CPU.ActiveCfg = Release|Any CPU
		{F0763C14-8649-4B94-92BD-3462B2884CCB}.Release|Any CPU.Build.0 = Release|Any CPU
	EndGlobalSection
	GlobalSection(SolutionProperties) = preSolution
		HideSolutionNode = FALSE
	EndGlobalSection
	GlobalSection(ExtensibilityGlobals) = postSolution
		SolutionGuid = {296D1EC2-0245-4BD2-BA1C-6EAD318DCB6A}
	EndGlobalSection
EndGlobal
